
Microsoft Visual Studio Solution File, Format Version 12.00
# Visual Studio 15
VisualStudioVersion = 15.0.28307.421
MinimumVisualStudioVersion = 10.0.40219.1
Project("{FAE04EC0-301F-11D3-BF4B-00C04F79EFBC}") = "ConsoleApp1", "ConsoleApp1\ConsoleApp1.csproj", "{549CF466-B40B-4075-9F5D-43853F32C10F}"
EndProject
Global
	GlobalSection(SolutionConfigurationPlatforms) = preSolution
		Debug|Any CPU = Debug|Any CPU
		Release|Any CPU = Release|Any CPU
	EndGlobalSection
	GlobalSection(ProjectConfigurationPlatforms) = postSolution
		{549CF466-B40B-4075-9F5D-43853F32C10F}.Debug|Any CPU.ActiveCfg = Debug|Any CPU
		{549CF466-B40B-4075-9F5D-43853F32C10F}.Debug|Any CPU.Build.0 = Debug|Any CPU
		{549CF466-B40B-4075-9F5D-43853F32C10F}.Release|Any CPU.ActiveCfg = Release|Any CPU
		{549CF466-B40B-4075-9F5D-43853F32C10F}.Release|Any CPU.Build.0 = Release|Any CPU
	EndGlobalSection
	GlobalSection(SolutionProperties) = preSolution
		HideSolutionNode = FALSE
	EndGlobalSection
	GlobalSection(ExtensibilityGlobals) = postSolution
		SolutionGuid = {36DDC6C5-632F-400E-8010-BF6A3ABD00C9}
	EndGlobalSection
EndGlobal
